# THIS IS AN AUTOGENERATED FILE. DO NOT EDIT THIS FILE DIRECTLY.
# yarn lockfile v1


"@types/dockerode@^2.5.27":
  version "2.5.27"
  resolved "https://registry.npmjs.org/@types/dockerode/-/dockerode-2.5.27.tgz#f922416072f52f92efa9974b00ca96187ac89ef9"
  integrity sha512-22qr8hE+WlSOfOWGyusv5KJSw/HyJXvFesWgi+FG9v/8OMjZ/G0QADffcrJyGILnHmiLta/blJzs+kE7JUw+3w==
  dependencies:
    "@types/node" "*"

"@types/node@*":
  version "13.11.1"
  resolved "https://registry.npmjs.org/@types/node/-/node-13.11.1.tgz#49a2a83df9d26daacead30d0ccc8762b128d53c7"
  integrity sha512-eWQGP3qtxwL8FGneRrC5DwrJLGN4/dH1clNTuLfN81HCrxVtxRjygDTUoZJ5ASlDEeo0ppYFQjQIlXhtXpOn6g==

asn1@~0.2.0:
  version "0.2.4"
  resolved "https://registry.npmjs.org/asn1/-/asn1-0.2.4.tgz#8d2475dfab553bb33e77b54e59e880bb8ce23136"
  integrity sha512-jxwzQpLQjSmWXgwaCZE9Nz+glAG01yF1QnWgbhGwHI5A6FRIEY6IVqtHhIepHqI7/kyEyQEagBC5mBEFlIYvdg==
  dependencies:
    safer-buffer "~2.1.0"

async@^2.6.2:
  version "2.6.3"
  resolved "https://registry.npmjs.org/async/-/async-2.6.3.tgz#d72625e2344a3656e3a3ad4fa749fa83299d82ff"
  integrity sha512-zflvls11DCy+dQWzTW2dzuilv8Z5X/pjfmZOWba6TNIVDm+2UDaJmXSOXlasHKfNBs8oo3M0aT50fDEWfKZjXg==
  dependencies:
    lodash "^4.17.14"

base64-js@^1.0.2:
  version "1.3.1"
  resolved "https://registry.npmjs.org/base64-js/-/base64-js-1.3.1.tgz#58ece8cb75dd07e71ed08c736abc5fac4dbf8df1"
  integrity sha512-mLQ4i2QO1ytvGWFWmcngKO//JXAQueZvwEKtjgQFM4jIK0kU+ytMfplL8j+n5mspOfjHwoAg+9yhb7BwAHm36g==

bcrypt-pbkdf@^1.0.2:
  version "1.0.2"
  resolved "https://registry.npmjs.org/bcrypt-pbkdf/-/bcrypt-pbkdf-1.0.2.tgz#a4301d389b6a43f9b67ff3ca11a3f6637e360e9e"
  integrity sha1-pDAdOJtqQ/m2f/PKEaP2Y342Dp4=
  dependencies:
    tweetnacl "^0.14.3"

bl@^4.0.1:
  version "4.0.2"
  resolved "https://registry.npmjs.org/bl/-/bl-4.0.2.tgz#52b71e9088515d0606d9dd9cc7aa48dc1f98e73a"
  integrity sha512-j4OH8f6Qg2bGuWfRiltT2HYGx0e1QcBTrK9KAHNMwMZdQnDZFk0ZSYIpADjYCB3U12nicC5tVJwSIhwOWjb4RQ==
  dependencies:
    buffer "^5.5.0"
    inherits "^2.0.4"
    readable-stream "^3.4.0"

buffer-from@^1.0.0:
  version "1.1.1"
  resolved "https://registry.npmjs.org/buffer-from/-/buffer-from-1.1.1.tgz#32713bc028f75c02fdb710d7c7bcec1f2c6070ef"
  integrity sha512-MQcXEUbCKtEo7bhqEs6560Hyd4XaovZlO/k9V3hjVUF/zwW7KBVdSK4gIt/bzwS9MbR5qob+F5jusZsb0YQK2A==

buffer@^5.5.0:
  version "5.5.0"
  resolved "https://registry.npmjs.org/buffer/-/buffer-5.5.0.tgz#9c3caa3d623c33dd1c7ef584b89b88bf9c9bc1ce"
  integrity sha512-9FTEDjLjwoAkEwyMGDjYJQN2gfRgOKBKRfiglhvibGbpeeU/pQn1bJxQqm32OD/AIeEuHxU9roxXxg34Byp/Ww==
  dependencies:
    base64-js "^1.0.2"
    ieee754 "^1.1.4"

chownr@^1.1.1:
  version "1.1.4"
  resolved "https://registry.npmjs.org/chownr/-/chownr-1.1.4.tgz#6fc9d7b42d32a583596337666e7d08084da2cc6b"
  integrity sha512-jJ0bqzaylmJtVnNgzTeSOs8DPavpbYgEr/b0YL8/2GO3xJEhInFmhKMUnEJQjZumK7KXGFhUy89PrsJWlakBVg==

concat-stream@~2.0.0:
  version "2.0.0"
  resolved "https://registry.npmjs.org/concat-stream/-/concat-stream-2.0.0.tgz#414cf5af790a48c60ab9be4527d56d5e41133cb1"
  integrity sha512-MWufYdFw53ccGjCA+Ol7XJYpAlW6/prSMzuPOTRnJGcGzuhLn4Scrz7qf6o8bROZ514ltazcIFJZevcfbo0x7A==
  dependencies:
    buffer-from "^1.0.0"
    inherits "^2.0.3"
    readable-stream "^3.0.2"
    typedarray "^0.0.6"

debug@^3.1.1:
  version "3.2.6"
  resolved "https://registry.npmjs.org/debug/-/debug-3.2.6.tgz#e83d17de16d8a7efb7717edbe5fb10135eee629b"
  integrity sha512-mel+jf7nrtEl5Pn1Qx46zARXKDpBbvzezse7p7LqINmdoIk8PYP5SySaxEmYv6TZ0JyEKA1hsCId6DIhgITtWQ==
  dependencies:
    ms "^2.1.1"

debug@^4.1.1:
  version "4.1.1"
  resolved "https://registry.npmjs.org/debug/-/debug-4.1.1.tgz#3b72260255109c6b589cee050f1d516139664791"
  integrity sha512-pYAIzeRo8J6KPEaJ0VWOh5Pzkbw/RetuzehGM7QRRX5he4fPHx2rdKMB256ehJCkX+XRQm16eZLqLNS8RSZXZw==
  dependencies:
    ms "^2.1.1"

docker-modem@^2.1.0:
  version "2.1.2"
  resolved "https://registry.npmjs.org/docker-modem/-/docker-modem-2.1.2.tgz#7c346bfa7b3e4f6d5832eb80f13d603862639519"
  integrity sha512-fwlfnsK9WV+m+qc/NZCiGt+oYAMjmCUeir0a/l3oHb0yc8FhRAucdwT4htKD3aLtV+1w2syQePH9pQFxsq1GFA==
  dependencies:
    debug "^4.1.1"
    readable-stream "^3.5.0"
    split-ca "^1.0.1"
    ssh2 "^0.8.7"

dockerode@^3.2.0:
  version "3.2.0"
  resolved "https://registry.npmjs.org/dockerode/-/dockerode-3.2.0.tgz#80e5bd9c2a988bdde4c995ae4aa2584fa0166c23"
  integrity sha512-C+y/W4Kks7YLBsfUOTMkk1IVilb4cdj+rE+UZ5hnE+rpcn2frSs7kX+6H8GteTqHcv8sln+GyxuP1qdno3IzIw==
  dependencies:
    concat-stream "~2.0.0"
    docker-modem "^2.1.0"
    tar-fs "~2.0.1"

end-of-stream@^1.1.0, end-of-stream@^1.4.1:
  version "1.4.4"
  resolved "https://registry.npmjs.org/end-of-stream/-/end-of-stream-1.4.4.tgz#5ae64a5f45057baf3626ec14da0ca5e4b2431eb0"
  integrity sha512-+uw1inIHVPQoaVuHzRyXd21icM+cnt4CzD5rW+NC1wjOUSTOs+Te7FOv7AhN7vS9x/oIyhLP5PR1H+phQAHu5Q==
  dependencies:
    once "^1.4.0"

fs-constants@^1.0.0:
  version "1.0.0"
  resolved "https://registry.npmjs.org/fs-constants/-/fs-constants-1.0.0.tgz#6be0de9be998ce16af8afc24497b9ee9b7ccd9ad"
  integrity sha512-y6OAwoSIf7FyjMIv94u+b5rdheZEjzR63GTyZJm5qh4Bi+2YgwLCcI/fPFZkL5PSixOt6ZNKm+w+Hfp/Bciwow==

ieee754@^1.1.4:
  version "1.1.13"
  resolved "https://registry.npmjs.org/ieee754/-/ieee754-1.1.13.tgz#ec168558e95aa181fd87d37f55c32bbcb6708b84"
  integrity sha512-4vf7I2LYV/HaWerSo3XmlMkp5eZ83i+/CDluXi/IGTs/O1sejBNhTtnxzmRZfvOUqj7lZjqHkeTvpgSFDlWZTg==

inherits@^2.0.3, inherits@^2.0.4:
  version "2.0.4"
  resolved "https://registry.npmjs.org/inherits/-/inherits-2.0.4.tgz#0fa2c64f932917c3433a0ded55363aae37416b7c"
  integrity sha512-k/vGaX4/Yla3WzyMCvTQOXYeIHvqOKtnqBduzTHpzpQZzAskKMhZ2K+EnBiSM9zGSoIFeMpXKxa4dYeZIQqewQ==

ip@^1.1.5:
  version "1.1.5"
  resolved "https://registry.npmjs.org/ip/-/ip-1.1.5.tgz#bdded70114290828c0a039e72ef25f5aaec4354a"
  integrity sha1-vd7XARQpCCjAoDnnLvJfWq7ENUo=

lodash@^4.17.14:
  version "4.17.21"
  resolved "https://registry.yarnpkg.com/lodash/-/lodash-4.17.21.tgz#679591c564c3bffaae8454cf0b3df370c3d6911c"
  integrity sha512-v2kDEe57lecTulaDIuNTPy3Ry4gLGJ6Z1O3vE1krgXZNrsQ+LFTGHVxVjcXPs17LhbZVGedAJv8XZ1tvj5FvSg==

minimist@^1.2.5:
  version "1.2.5"
  resolved "https://registry.npmjs.org/minimist/-/minimist-1.2.5.tgz#67d66014b66a6a8aaa0c083c5fd58df4e4e97602"
  integrity sha512-FM9nNUYrRBAELZQT3xeZQ7fmMOBg6nWNmJKTcgsJeaLstP/UODVpGsr5OhXhhXg6f+qtJ8uiZ+PUxkDWcgIXLw==

mkdirp-classic@^0.5.2:
  version "0.5.2"
  resolved "https://registry.npmjs.org/mkdirp-classic/-/mkdirp-classic-0.5.2.tgz#54c441ce4c96cd7790e10b41a87aa51068ecab2b"
  integrity sha512-ejdnDQcR75gwknmMw/tx02AuRs8jCtqFoFqDZMjiNxsu85sRIJVXDKHuLYvUUPRBUtV2FpSZa9bL1BUa3BdR2g==

mkdirp@^0.5.1:
  version "0.5.5"
  resolved "https://registry.npmjs.org/mkdirp/-/mkdirp-0.5.5.tgz#d91cefd62d1436ca0f41620e251288d420099def"
  integrity sha512-NKmAlESf6jMGym1++R0Ra7wvhV+wFW63FaSOFPwRahvea0gMUcGUhVeAg/0BC0wiv9ih5NYPB1Wn1UEI1/L+xQ==
  dependencies:
    minimist "^1.2.5"

ms@^2.1.1:
  version "2.1.2"
  resolved "https://registry.npmjs.org/ms/-/ms-2.1.2.tgz#d09d1f357b443f493382a8eb3ccd183872ae6009"
  integrity sha512-sGkPx+VjMtmA6MX27oA4FBFELFCZZ4S4XqeGOXCv68tT+jb3vk/RyaKWP0PTKyWtmLSM0b+adUTEvbs1PEaH2w==

once@^1.3.1, once@^1.4.0:
  version "1.4.0"
  resolved "https://registry.npmjs.org/once/-/once-1.4.0.tgz#583b1aa775961d4b113ac17d9c50baef9dd76bd1"
  integrity sha1-WDsap3WWHUsROsF9nFC6753Xa9E=
  dependencies:
    wrappy "1"

portfinder@^1.0.25:
  version "1.0.25"
  resolved "https://registry.npmjs.org/portfinder/-/portfinder-1.0.25.tgz#254fd337ffba869f4b9d37edc298059cb4d35eca"
  integrity sha512-6ElJnHBbxVA1XSLgBp7G1FiCkQdlqGzuF7DswL5tcea+E8UpuvPU7beVAjjRwCioTS9ZluNbu+ZyRvgTsmqEBg==
  dependencies:
    async "^2.6.2"
    debug "^3.1.1"
    mkdirp "^0.5.1"

pump@^3.0.0:
  version "3.0.0"
  resolved "https://registry.npmjs.org/pump/-/pump-3.0.0.tgz#b4a2116815bde2f4e1ea602354e8c75565107a64"
  integrity sha512-LwZy+p3SFs1Pytd/jYct4wpv49HiYCqd9Rlc5ZVdk0V+8Yzv6jR5Blk3TRmPL1ft69TxP0IMZGJ+WPFU2BFhww==
  dependencies:
    end-of-stream "^1.1.0"
    once "^1.3.1"

readable-stream@^3.0.2, readable-stream@^3.1.1, readable-stream@^3.4.0, readable-stream@^3.5.0:
  version "3.6.0"
  resolved "https://registry.npmjs.org/readable-stream/-/readable-stream-3.6.0.tgz#337bbda3adc0706bd3e024426a286d4b4b2c9198"
  integrity sha512-BViHy7LKeTz4oNnkcLJ+lVSL6vpiFeX6/d3oSH8zCW7UxP2onchk+vTGB143xuFjHS3deTgkKoXXymXqymiIdA==
  dependencies:
    inherits "^2.0.3"
    string_decoder "^1.1.1"
    util-deprecate "^1.0.1"

safe-buffer@~5.2.0:
  version "5.2.0"
  resolved "https://registry.npmjs.org/safe-buffer/-/safe-buffer-5.2.0.tgz#b74daec49b1148f88c64b68d49b1e815c1f2f519"
  integrity sha512-fZEwUGbVl7kouZs1jCdMLdt95hdIv0ZeHg6L7qPeciMZhZ+/gdesW4wgTARkrFWEpspjEATAzUGPG8N2jJiwbg==

safer-buffer@~2.1.0:
  version "2.1.2"
  resolved "https://registry.npmjs.org/safer-buffer/-/safer-buffer-2.1.2.tgz#44fa161b0187b9549dd84bb91802f9bd8385cd6a"
  integrity sha512-YZo3K82SD7Riyi0E1EQPojLz7kpepnSQI9IyPbHHg1XXXevb5dJI7tpyN2ADxGcQbHG7vcyRHk0cbwqcQriUtg==

split-ca@^1.0.1:
  version "1.0.1"
  resolved "https://registry.npmjs.org/split-ca/-/split-ca-1.0.1.tgz#6c83aff3692fa61256e0cd197e05e9de157691a6"
  integrity sha1-bIOv82kvphJW4M0ZfgXp3hV2kaY=

ssh2-streams@~0.4.10:
  version "0.4.10"
  resolved "https://registry.npmjs.org/ssh2-streams/-/ssh2-streams-0.4.10.tgz#48ef7e8a0e39d8f2921c30521d56dacb31d23a34"
  integrity sha512-8pnlMjvnIZJvmTzUIIA5nT4jr2ZWNNVHwyXfMGdRJbug9TpI3kd99ffglgfSWqujVv/0gxwMsDn9j9RVst8yhQ==
  dependencies:
    asn1 "~0.2.0"
    bcrypt-pbkdf "^1.0.2"
    streamsearch "~0.1.2"

ssh2@^0.8.7:
  version "0.8.9"
  resolved "https://registry.npmjs.org/ssh2/-/ssh2-0.8.9.tgz#54da3a6c4ba3daf0d8477a538a481326091815f3"
  integrity sha512-GmoNPxWDMkVpMFa9LVVzQZHF6EW3WKmBwL+4/GeILf2hFmix5Isxm7Amamo8o7bHiU0tC+wXsGcUXOxp8ChPaw==
  dependencies:
    ssh2-streams "~0.4.10"

streamsearch@~0.1.2:
  version "0.1.2"
  resolved "https://registry.npmjs.org/streamsearch/-/streamsearch-0.1.2.tgz#808b9d0e56fc273d809ba57338e929919a1a9f1a"
  integrity sha1-gIudDlb8Jz2Am6VzOOkpkZoanxo=

string_decoder@^1.1.1:
  version "1.3.0"
  resolved "https://registry.npmjs.org/string_decoder/-/string_decoder-1.3.0.tgz#42f114594a46cf1a8e30b0a84f56c78c3edac21e"
  integrity sha512-hkRX8U1WjJFd8LsDJ2yQ/wWWxaopEsABU1XfkM8A+j0+85JAGppt16cr1Whg6KIbb4okU6Mql6BOj+uup/wKeA==
  dependencies:
    safe-buffer "~5.2.0"

tar-fs@~2.0.1:
  version "2.0.1"
  resolved "https://registry.npmjs.org/tar-fs/-/tar-fs-2.0.1.tgz#e44086c1c60d31a4f0cf893b1c4e155dabfae9e2"
  integrity sha512-6tzWDMeroL87uF/+lin46k+Q+46rAJ0SyPGz7OW7wTgblI273hsBqk2C1j0/xNadNLKDTUL9BukSjB7cwgmlPA==
  dependencies:
    chownr "^1.1.1"
    mkdirp-classic "^0.5.2"
    pump "^3.0.0"
    tar-stream "^2.0.0"

tar-stream@^2.0.0:
  version "2.1.2"
  resolved "https://registry.npmjs.org/tar-stream/-/tar-stream-2.1.2.tgz#6d5ef1a7e5783a95ff70b69b97455a5968dc1325"
  integrity sha512-UaF6FoJ32WqALZGOIAApXx+OdxhekNMChu6axLJR85zMMjXKWFGjbIRe+J6P4UnRGg9rAwWvbTT0oI7hD/Un7Q==
  dependencies:
    bl "^4.0.1"
    end-of-stream "^1.4.1"
    fs-constants "^1.0.0"
    inherits "^2.0.3"
    readable-stream "^3.1.1"

tweetnacl@^0.14.3:
  version "0.14.5"
  resolved "https://registry.npmjs.org/tweetnacl/-/tweetnacl-0.14.5.tgz#5ae68177f192d4456269d108afa93ff8743f4f64"
  integrity sha1-WuaBd/GS1EViadEIr6k/+HQ/T2Q=

typedarray@^0.0.6:
  version "0.0.6"
  resolved "https://registry.npmjs.org/typedarray/-/typedarray-0.0.6.tgz#867ac74e3864187b1d3d47d996a78ec5c8830777"
  integrity sha1-hnrHTjhkGHsdPUfZlqeOxciDB3c=

util-deprecate@^1.0.1:
  version "1.0.2"
  resolved "https://registry.npmjs.org/util-deprecate/-/util-deprecate-1.0.2.tgz#450d4dc9fa70de732762fbd2d4a28981419a0ccf"
  integrity sha1-RQ1Nyfpw3nMnYvvS1KKJgUGaDM8=

wrappy@1:
  version "1.0.2"
  resolved "https://registry.npmjs.org/wrappy/-/wrappy-1.0.2.tgz#b5243d8f3ec1aa35f1364605bc0d1036e30ab69f"
  integrity sha1-tSQ9jz7BqjXxNkYFvA0QNuMKtp8=
